
Microsoft Visual Studio Solution File, Format Version 11.00
# Visual Studio 2010
Project("{FAE04EC0-301F-11D3-BF4B-00C04F79EFBC}") = "ForlornApi", "cxapi.csproj", "{661C805E-824D-4103-B1A6-5CB365EA4BB5}"
EndProject
Global
	GlobalSection(SolutionConfigurationPlatforms) = preSolution
		Debug|Any CPU = Debug|Any CPU
		Release|Any CPU = Release|Any CPU
	EndGlobalSection
	GlobalSection(ProjectConfigurationPlatforms) = postSolution
		{661C805E-824D-4103-B1A6-5CB365EA4BB5}.Debug|Any CPU.ActiveCfg = Debug|Any CPU
		{661C805E-824D-4103-B1A6-5CB365EA4BB5}.Debug|Any CPU.Build.0 = Debug|Any CPU
		{661C805E-824D-4103-B1A6-5CB365EA4BB5}.Release|Any CPU.ActiveCfg = Release|Any CPU
		{661C805E-824D-4103-B1A6-5CB365EA4BB5}.Release|Any CPU.Build.0 = Release|Any CPU
	EndGlobalSection
	GlobalSection(SolutionProperties) = preSolution
		HideSolutionNode = FALSE
	EndGlobalSection
EndGlobal
